<?xml version="1.0" encoding="utf-8"?>
<Project ToolsVersion="4.0" xmlns="http://schemas.microsoft.com/developer/msbuild/2003">
  <ItemGroup>
    <Filter Include="소스 파일">
      <UniqueIdentifier>{4FC737F1-C7A5-4376-A066-2A32D752A2FF}</UniqueIdentifier>
      <Extensions>cpp;c;cc;cxx;def;odl;idl;hpj;bat;asm;asmx</Extensions>
    </Filter>
    <Filter Include="헤더 파일">
      <UniqueIdentifier>{93995380-89BD-4b04-88EB-625FBE52EBFB}</UniqueIdentifier>
      <Extensions>h;hh;hpp;hxx;hm;inl;inc;xsd</Extensions>
    </Filter>
    <Filter Include="리소스 파일">
      <UniqueIdentifier>{67DA6AB6-F800-4c08-8B7A-83BB121AAD01}</UniqueIdentifier>
      <Extensions>rc;ico;cur;bmp;dlg;rc2;rct;bin;rgs;gif;jpg;jpeg;jpe;resx;tiff;tif;png;wav;mfcribbon-ms</Extensions>
    </Filter>
    <Filter Include="00. MainGame">
      <UniqueIdentifier>{2d3279d5-6d01-45c7-bb99-c63f14a76ad9}</UniqueIdentifier>
    </Filter>
    <Filter Include="01. Obj">
      <UniqueIdentifier>{c91568ba-1c51-4366-8827-f9ce8e185221}</UniqueIdentifier>
    </Filter>
    <Filter Include="01. Obj\00. Player">
      <UniqueIdentifier>{bc87a0ea-e5c3-4b9c-b118-23af02ef9935}</UniqueIdentifier>
    </Filter>
    <Filter Include="01. Obj\01. Bullet">
      <UniqueIdentifier>{c74ec3a3-edbe-48ed-97c3-c0e21c9225ea}</UniqueIdentifier>
    </Filter>
    <Filter Include="01. Obj\02. Monster">
      <UniqueIdentifier>{5894ed20-68f8-41d2-8897-4b59beea4099}</UniqueIdentifier>
    </Filter>
    <Filter Include="01. Obj\06. Door">
      <UniqueIdentifier>{874671f0-a6c1-4fe9-9e4c-0a8fd5771f96}</UniqueIdentifier>
    </Filter>
    <Filter Include="01. Obj\10. MyButton">
      <UniqueIdentifier>{8a2cfec8-247c-4eb7-8b20-8af33d595b03}</UniqueIdentifier>
    </Filter>
    <Filter Include="01. Obj\03. Obstacle">
      <UniqueIdentifier>{15ebcb00-26a2-468c-ac50-b4b9f66286e6}</UniqueIdentifier>
    </Filter>
    <Filter Include="01. Obj\03. Obstacle\00. Block">
      <UniqueIdentifier>{f6f5434b-0cc5-437f-90fd-fb3cf59d9be7}</UniqueIdentifier>
    </Filter>
    <Filter Include="01. Obj\03. Obstacle\01. Fire">
      <UniqueIdentifier>{4b742ac6-e037-4108-9cca-5a7d77144354}</UniqueIdentifier>
    </Filter>
    <Filter Include="01. Obj\02. Monster\00. Fly">
      <UniqueIdentifier>{deb31ba6-db46-4a76-bfe7-16d4f554a9b8}</UniqueIdentifier>
    </Filter>
    <Filter Include="01. Obj\02. Monster\01. Dabi">
      <UniqueIdentifier>{b055da9a-27b8-404b-af90-4438a36ecd9a}</UniqueIdentifier>
    </Filter>
    <Filter Include="01. Obj\02. Monster\02. Envy">
      <UniqueIdentifier>{72459f78-a461-4e52-b9dd-3d904a4efb6d}</UniqueIdentifier>
    </Filter>
    <Filter Include="01. Obj\02. Monster\99. MonsterBullet">
      <UniqueIdentifier>{1ccec30f-e58e-4298-ba49-f4f6a17cfd14}</UniqueIdentifier>
    </Filter>
    <Filter Include="01. Obj\02. Monster\03. Mack">
      <UniqueIdentifier>{4c222ea7-a2cf-44b3-8bd3-7e53a9e848e6}</UniqueIdentifier>
    </Filter>
    <Filter Include="01. Obj\03. Obstacle\02. Ddong">
      <UniqueIdentifier>{549a76f6-6794-4771-a237-9a9172948948}</UniqueIdentifier>
    </Filter>
    <Filter Include="98.Design">
      <UniqueIdentifier>{6d57fc6e-bce3-4072-95ca-66fdfe1f7d9b}</UniqueIdentifier>
    </Filter>
    <Filter Include="98.Design\AbstractFactory">
      <UniqueIdentifier>{46a30c8b-c1ef-4525-821a-e09f38f11e8d}</UniqueIdentifier>
    </Filter>
    <Filter Include="98.Design\BmpMgr">
      <UniqueIdentifier>{f9446e52-c0e2-433a-8505-6c9b183a5301}</UniqueIdentifier>
    </Filter>
    <Filter Include="98.Design\BmpMgr\MyBmp">
      <UniqueIdentifier>{0af3ada9-42eb-460c-8c86-5bca891e8005}</UniqueIdentifier>
    </Filter>
    <Filter Include="98.Design\KeyMgr">
      <UniqueIdentifier>{5b4db8f9-1718-4252-8baa-46899fb028b3}</UniqueIdentifier>
    </Filter>
    <Filter Include="98.Design\CollisionMgr">
      <UniqueIdentifier>{62be1a6f-b08a-4dc1-b180-c76d60a1c825}</UniqueIdentifier>
    </Filter>
    <Filter Include="98.Design\ObjMgr">
      <UniqueIdentifier>{00246e03-9192-4d61-8608-47a219335240}</UniqueIdentifier>
    </Filter>
    <Filter Include="98.Design\GameMgr">
      <UniqueIdentifier>{6673cff2-7e18-4bc5-8ea8-24726285ebb0}</UniqueIdentifier>
    </Filter>
    <Filter Include="98.Design\UIMgr">
      <UniqueIdentifier>{28bd71b3-8feb-4487-936a-b46e71751aab}</UniqueIdentifier>
    </Filter>
    <Filter Include="01. Obj\02. Monster\04. Monstro">
      <UniqueIdentifier>{63308b2e-d700-4dba-8a17-ad4c68a35af7}</UniqueIdentifier>
    </Filter>
    <Filter Include="98.Design\SoundMgr">
      <UniqueIdentifier>{59aafb81-1d62-4e7f-805b-f45a6b809ea9}</UniqueIdentifier>
    </Filter>
    <Filter Include="98.Design\SceneMgr">
      <UniqueIdentifier>{056ea760-8a1d-4155-8c27-913086121f96}</UniqueIdentifier>
    </Filter>
    <Filter Include="98.Design\SceneMgr\00.Scene">
      <UniqueIdentifier>{7a5823f0-a853-4320-97ce-dd31672a3cb4}</UniqueIdentifier>
    </Filter>
    <Filter Include="98.Design\SceneMgr\00.Scene\00.Logo">
      <UniqueIdentifier>{b89b4896-2a46-47f4-8314-d7ef8cdac37f}</UniqueIdentifier>
    </Filter>
    <Filter Include="98.Design\SceneMgr\00.Scene\01.Stage">
      <UniqueIdentifier>{e1fe0654-c636-423f-ace8-fb4d798a46d5}</UniqueIdentifier>
    </Filter>
    <Filter Include="98.Design\SceneMgr\00.Scene\02.Stage2">
      <UniqueIdentifier>{c3338bbe-0a2d-41e2-ab78-cf5b19767328}</UniqueIdentifier>
    </Filter>
    <Filter Include="98.Design\SceneMgr\00.Scene\03.Stage3">
      <UniqueIdentifier>{1681df65-0f08-4707-a4e9-659d165df6df}</UniqueIdentifier>
    </Filter>
    <Filter Include="98.Design\SceneMgr\00.Scene\04.Stage4">
      <UniqueIdentifier>{f562bc0f-135b-4b98-9064-da56b7f1232f}</UniqueIdentifier>
    </Filter>
    <Filter Include="98.Design\SceneMgr\00.Scene\05.Stage5">
      <UniqueIdentifier>{c4f9a854-33fe-4ac3-b73a-8a98008d95d4}</UniqueIdentifier>
    </Filter>
    <Filter Include="98.Design\SceneMgr\00.Scene\06.Stage_Item">
      <UniqueIdentifier>{8e34bb54-4951-4036-8e3f-7b3634b27ad3}</UniqueIdentifier>
    </Filter>
    <Filter Include="98.Design\SceneMgr\00.Scene\07.Stage_Boss">
      <UniqueIdentifier>{63f131dd-dc47-40c7-8288-77e61952baef}</UniqueIdentifier>
    </Filter>
    <Filter Include="98.Design\99. Header">
      <UniqueIdentifier>{fbe2a4a3-fba0-4c49-8f48-026bfd31270f}</UniqueIdentifier>
    </Filter>
  </ItemGroup>
  <ItemGroup>
    <Text Include="ReadMe.txt" />
  </ItemGroup>
  <ItemGroup>
    <ClInclude Include="stdafx.h">
      <Filter>헤더 파일</Filter>
    </ClInclude>
    <ClInclude Include="targetver.h">
      <Filter>헤더 파일</Filter>
    </ClInclude>
    <ClInclude Include="Resource.h">
      <Filter>헤더 파일</Filter>
    </ClInclude>
    <ClInclude Include="Default.h">
      <Filter>헤더 파일</Filter>
    </ClInclude>
    <ClInclude Include="Define.h">
      <Filter>98.Design\99. Header</Filter>
    </ClInclude>
    <ClInclude Include="Struct.h">
      <Filter>98.Design\99. Header</Filter>
    </ClInclude>
    <ClInclude Include="Functor.h">
      <Filter>98.Design\99. Header</Filter>
    </ClInclude>
    <ClInclude Include="Enum.h">
      <Filter>98.Design\99. Header</Filter>
    </ClInclude>
    <ClInclude Include="Include.h">
      <Filter>98.Design\99. Header</Filter>
    </ClInclude>
    <ClInclude Include="MainGame.h">
      <Filter>00. MainGame</Filter>
    </ClInclude>
    <ClInclude Include="Obj.h">
      <Filter>01. Obj</Filter>
    </ClInclude>
    <ClInclude Include="Player.h">
      <Filter>01. Obj\00. Player</Filter>
    </ClInclude>
    <ClInclude Include="AbstractFactory.h">
      <Filter>98.Design\AbstractFactory</Filter>
    </ClInclude>
    <ClInclude Include="BmpMgr.h">
      <Filter>98.Design\BmpMgr</Filter>
    </ClInclude>
    <ClInclude Include="MyBmp.h">
      <Filter>98.Design\BmpMgr\MyBmp</Filter>
    </ClInclude>
    <ClInclude Include="CollisionMgr.h">
      <Filter>98.Design\CollisionMgr</Filter>
    </ClInclude>
    <ClInclude Include="KeyMgr.h">
      <Filter>98.Design\KeyMgr</Filter>
    </ClInclude>
    <ClInclude Include="Bullet.h">
      <Filter>01. Obj\01. Bullet</Filter>
    </ClInclude>
    <ClInclude Include="ObjMgr.h">
      <Filter>98.Design\ObjMgr</Filter>
    </ClInclude>
    <ClInclude Include="SceneMgr.h">
      <Filter>98.Design\SceneMgr</Filter>
    </ClInclude>
    <ClInclude Include="Scene.h">
      <Filter>98.Design\SceneMgr</Filter>
    </ClInclude>
    <ClInclude Include="Logo.h">
      <Filter>98.Design\SceneMgr\00.Scene\00.Logo</Filter>
    </ClInclude>
    <ClInclude Include="MyButton.h">
      <Filter>01. Obj\10. MyButton</Filter>
    </ClInclude>
    <ClInclude Include="Stage.h">
      <Filter>98.Design\SceneMgr\00.Scene\01.Stage</Filter>
    </ClInclude>
    <ClInclude Include="Door.h">
      <Filter>01. Obj\06. Door</Filter>
    </ClInclude>
    <ClInclude Include="Stage2.h">
      <Filter>98.Design\SceneMgr\00.Scene\02.Stage2</Filter>
    </ClInclude>
    <ClInclude Include="Block.h">
      <Filter>01. Obj\03. Obstacle\00. Block</Filter>
    </ClInclude>
    <ClInclude Include="Fire.h">
      <Filter>01. Obj\03. Obstacle\01. Fire</Filter>
    </ClInclude>
    <ClInclude Include="Fly.h">
      <Filter>01. Obj\02. Monster\00. Fly</Filter>
    </ClInclude>
    <ClInclude Include="Hopper.h">
      <Filter>01. Obj\02. Monster\01. Dabi</Filter>
    </ClInclude>
    <ClInclude Include="Envy.h">
      <Filter>01. Obj\02. Monster\02. Envy</Filter>
    </ClInclude>
    <ClInclude Include="Mack.h">
      <Filter>01. Obj\02. Monster\03. Mack</Filter>
    </ClInclude>
    <ClInclude Include="MonsterBullet.h">
      <Filter>01. Obj\02. Monster\99. MonsterBullet</Filter>
    </ClInclude>
    <ClInclude Include="GameMgr.h">
      <Filter>98.Design\GameMgr</Filter>
    </ClInclude>
    <ClInclude Include="Block2.h">
      <Filter>01. Obj\03. Obstacle\00. Block</Filter>
    </ClInclude>
    <ClInclude Include="Ddong.h">
      <Filter>01. Obj\03. Obstacle\02. Ddong</Filter>
    </ClInclude>
    <ClInclude Include="Stage3.h">
      <Filter>98.Design\SceneMgr\00.Scene\03.Stage3</Filter>
    </ClInclude>
    <ClInclude Include="Door2_3.h">
      <Filter>01. Obj\06. Door</Filter>
    </ClInclude>
    <ClInclude Include="Stage4.h">
      <Filter>98.Design\SceneMgr\00.Scene\04.Stage4</Filter>
    </ClInclude>
    <ClInclude Include="Door1_4.h">
      <Filter>01. Obj\06. Door</Filter>
    </ClInclude>
    <ClInclude Include="Block3.h">
      <Filter>01. Obj\03. Obstacle\00. Block</Filter>
    </ClInclude>
    <ClInclude Include="Door4_5.h">
      <Filter>01. Obj\06. Door</Filter>
    </ClInclude>
    <ClInclude Include="Stage5.h">
      <Filter>98.Design\SceneMgr\00.Scene\05.Stage5</Filter>
    </ClInclude>
    <ClInclude Include="Stage_Item.h">
      <Filter>98.Design\SceneMgr\00.Scene\06.Stage_Item</Filter>
    </ClInclude>
    <ClInclude Include="DoorItem.h">
      <Filter>01. Obj\06. Door</Filter>
    </ClInclude>
    <ClInclude Include="Stage_Boss.h">
      <Filter>98.Design\SceneMgr\00.Scene\07.Stage_Boss</Filter>
    </ClInclude>
    <ClInclude Include="Door3_Boss.h">
      <Filter>01. Obj\06. Door</Filter>
    </ClInclude>
    <ClInclude Include="UIMgr.h">
      <Filter>98.Design\UIMgr</Filter>
    </ClInclude>
    <ClInclude Include="Monstro.h">
      <Filter>01. Obj\02. Monster\04. Monstro</Filter>
    </ClInclude>
    <ClInclude Include="MonstroBullet.h">
      <Filter>01. Obj\02. Monster\99. MonsterBullet</Filter>
    </ClInclude>
    <ClInclude Include="SoundMgr.h">
      <Filter>98.Design\SoundMgr</Filter>
    </ClInclude>
  </ItemGroup>
  <ItemGroup>
    <ClCompile Include="stdafx.cpp">
      <Filter>소스 파일</Filter>
    </ClCompile>
    <ClCompile Include="Default.cpp">
      <Filter>소스 파일</Filter>
    </ClCompile>
    <ClCompile Include="MainGame.cpp">
      <Filter>00. MainGame</Filter>
    </ClCompile>
    <ClCompile Include="Obj.cpp">
      <Filter>01. Obj</Filter>
    </ClCompile>
    <ClCompile Include="Bullet.cpp">
      <Filter>01. Obj\01. Bullet</Filter>
    </ClCompile>
    <ClCompile Include="BmpMgr.cpp">
      <Filter>98.Design\BmpMgr</Filter>
    </ClCompile>
    <ClCompile Include="MyBmp.cpp">
      <Filter>98.Design\BmpMgr\MyBmp</Filter>
    </ClCompile>
    <ClCompile Include="CollisionMgr.cpp">
      <Filter>98.Design\CollisionMgr</Filter>
    </ClCompile>
    <ClCompile Include="KeyMgr.cpp">
      <Filter>98.Design\KeyMgr</Filter>
    </ClCompile>
    <ClCompile Include="ObjMgr.cpp">
      <Filter>98.Design\ObjMgr</Filter>
    </ClCompile>
    <ClCompile Include="SceneMgr.cpp">
      <Filter>98.Design\SceneMgr</Filter>
    </ClCompile>
    <ClCompile Include="Logo.cpp">
      <Filter>98.Design\SceneMgr\00.Scene\00.Logo</Filter>
    </ClCompile>
    <ClCompile Include="MyButton.cpp">
      <Filter>01. Obj\10. MyButton</Filter>
    </ClCompile>
    <ClCompile Include="Stage.cpp">
      <Filter>98.Design\SceneMgr\00.Scene\01.Stage</Filter>
    </ClCompile>
    <ClCompile Include="Scene.cpp">
      <Filter>98.Design\SceneMgr</Filter>
    </ClCompile>
    <ClCompile Include="Door.cpp">
      <Filter>01. Obj\06. Door</Filter>
    </ClCompile>
    <ClCompile Include="Stage2.cpp">
      <Filter>98.Design\SceneMgr\00.Scene\02.Stage2</Filter>
    </ClCompile>
    <ClCompile Include="Fire.cpp">
      <Filter>01. Obj\03. Obstacle\01. Fire</Filter>
    </ClCompile>
    <ClCompile Include="Fly.cpp">
      <Filter>01. Obj\02. Monster\00. Fly</Filter>
    </ClCompile>
    <ClCompile Include="Hopper.cpp">
      <Filter>01. Obj\02. Monster\01. Dabi</Filter>
    </ClCompile>
    <ClCompile Include="Player.cpp">
      <Filter>01. Obj\00. Player</Filter>
    </ClCompile>
    <ClCompile Include="Envy.cpp">
      <Filter>01. Obj\02. Monster\02. Envy</Filter>
    </ClCompile>
    <ClCompile Include="Mack.cpp">
      <Filter>01. Obj\02. Monster\03. Mack</Filter>
    </ClCompile>
    <ClCompile Include="MonsterBullet.cpp">
      <Filter>01. Obj\02. Monster\99. MonsterBullet</Filter>
    </ClCompile>
    <ClCompile Include="GameMgr.cpp">
      <Filter>98.Design\GameMgr</Filter>
    </ClCompile>
    <ClCompile Include="Block2.cpp">
      <Filter>01. Obj\03. Obstacle\00. Block</Filter>
    </ClCompile>
    <ClCompile Include="Block.cpp">
      <Filter>01. Obj\03. Obstacle\00. Block</Filter>
    </ClCompile>
    <ClCompile Include="Ddong.cpp">
      <Filter>01. Obj\03. Obstacle\02. Ddong</Filter>
    </ClCompile>
    <ClCompile Include="Stage3.cpp">
      <Filter>98.Design\SceneMgr\00.Scene\03.Stage3</Filter>
    </ClCompile>
    <ClCompile Include="Door2_3.cpp">
      <Filter>01. Obj\06. Door</Filter>
    </ClCompile>
    <ClCompile Include="Stage4.cpp">
      <Filter>98.Design\SceneMgr\00.Scene\04.Stage4</Filter>
    </ClCompile>
    <ClCompile Include="Door1_4.cpp">
      <Filter>01. Obj\06. Door</Filter>
    </ClCompile>
    <ClCompile Include="Block3.cpp">
      <Filter>01. Obj\03. Obstacle\00. Block</Filter>
    </ClCompile>
    <ClCompile Include="Door4_5.cpp">
      <Filter>01. Obj\06. Door</Filter>
    </ClCompile>
    <ClCompile Include="Stage5.cpp">
      <Filter>98.Design\SceneMgr\00.Scene\05.Stage5</Filter>
    </ClCompile>
    <ClCompile Include="Stage_Item.cpp">
      <Filter>98.Design\SceneMgr\00.Scene\06.Stage_Item</Filter>
    </ClCompile>
    <ClCompile Include="DooItem.cpp">
      <Filter>01. Obj\06. Door</Filter>
    </ClCompile>
    <ClCompile Include="Stage_Boss.cpp">
      <Filter>98.Design\SceneMgr\00.Scene\07.Stage_Boss</Filter>
    </ClCompile>
    <ClCompile Include="Door3_Boss.cpp">
      <Filter>01. Obj\06. Door</Filter>
    </ClCompile>
    <ClCompile Include="UIMgr.cpp">
      <Filter>98.Design\UIMgr</Filter>
    </ClCompile>
    <ClCompile Include="Monstro.cpp">
      <Filter>01. Obj\02. Monster\04. Monstro</Filter>
    </ClCompile>
    <ClCompile Include="MonstroBullet.cpp">
      <Filter>01. Obj\02. Monster\99. MonsterBullet</Filter>
    </ClCompile>
    <ClCompile Include="SoundMgr.cpp">
      <Filter>98.Design\SoundMgr</Filter>
    </ClCompile>
  </ItemGroup>
  <ItemGroup>
    <ResourceCompile Include="Default.rc">
      <Filter>리소스 파일</Filter>
    </ResourceCompile>
  </ItemGroup>
  <ItemGroup>
    <Image Include="small.ico">
      <Filter>리소스 파일</Filter>
    </Image>
    <Image Include="Default.ico">
      <Filter>리소스 파일</Filter>
    </Image>
  </ItemGroup>
</Project>